{
  "name": "PY-Choosing-and-Implementing-Data-Structures",
  "lockfileVersion": 3,
  "requires": true,
  "packages": {
    "": {
      "dependencies": {
        "functools": "^3.4.0"
      }
    },
    "node_modules/functools": {
      "version": "3.4.0",
      "resolved": "https://registry.npmjs.org/functools/-/functools-3.4.0.tgz",
      "integrity": "sha512-1iWu0wG+rRN1x5kEYY/s2eHNGiVujIBLu+1RKAvrj80Tt6HwY8hEJM2ZZn/afihSPkEJ5NG93mkxQZ6/c+9QYg=="
    }
  }
}
